{
  "name": "intro",
  "version": "1.0.0",
  "lockfileVersion": 2,
  "requires": true,
  "packages": {
    "": {
      "name": "intro",
      "version": "1.0.0",
      "license": "ISC",
      "dependencies": {
        "fs": "^0.0.1-security",
        "http": "^0.0.1-security",
        "loadsh": "^0.0.4",
        "math": "^0.0.3"
      }
    },
    "node_modules/fs": {
      "version": "0.0.1-security",
      "resolved": "https://registry.npmjs.org/fs/-/fs-0.0.1-security.tgz",
      "integrity": "sha512-3XY9e1pP0CVEUCdj5BmfIZxRBTSDycnbqhIOGec9QYtmVH2fbLpj86CFWkrNOkt/Fvty4KZG5lTglL9j/gJ87w=="
    },
    "node_modules/http": {
      "version": "0.0.1-security",
      "resolved": "https://registry.npmjs.org/http/-/http-0.0.1-security.tgz",
      "integrity": "sha512-RnDvP10Ty9FxqOtPZuxtebw1j4L/WiqNMDtuc1YMH1XQm5TgDRaR1G9u8upL6KD1bXHSp9eSXo/ED+8Q7FAr+g=="
    },
    "node_modules/loadsh": {
      "version": "0.0.4",
      "resolved": "https://registry.npmjs.org/loadsh/-/loadsh-0.0.4.tgz",
      "integrity": "sha512-U+wLL8InpfRalWrr+0SuhWgGt10M4OyAk6G8xCYo2rwpiHtxZkWiFpjei0vO463ghW8LPCdhqQxXlMy2qicAEw==",
      "deprecated": "This is a typosquat on the popular Lodash package. This is not maintained nor is the original Lodash package."
    },
    "node_modules/math": {
      "version": "0.0.3",
      "resolved": "https://registry.npmjs.org/math/-/math-0.0.3.tgz",
      "integrity": "sha512-xyNJxsEwpYBabFmCgwg7TFRljf5oGgV2h1TqP0H9RnykScaSKgoVlBaEz+Gov8NOdxFagoTzRg1aEBfayi8qQQ==",
      "engines": {
        "node": "> 0.0.0"
      }
    }
  },
  "dependencies": {
    "fs": {
      "version": "0.0.1-security",
      "resolved": "https://registry.npmjs.org/fs/-/fs-0.0.1-security.tgz",
      "integrity": "sha512-3XY9e1pP0CVEUCdj5BmfIZxRBTSDycnbqhIOGec9QYtmVH2fbLpj86CFWkrNOkt/Fvty4KZG5lTglL9j/gJ87w=="
    },
    "http": {
      "version": "0.0.1-security",
      "resolved": "https://registry.npmjs.org/http/-/http-0.0.1-security.tgz",
      "integrity": "sha512-RnDvP10Ty9FxqOtPZuxtebw1j4L/WiqNMDtuc1YMH1XQm5TgDRaR1G9u8upL6KD1bXHSp9eSXo/ED+8Q7FAr+g=="
    },
    "loadsh": {
      "version": "0.0.4",
      "resolved": "https://registry.npmjs.org/loadsh/-/loadsh-0.0.4.tgz",
      "integrity": "sha512-U+wLL8InpfRalWrr+0SuhWgGt10M4OyAk6G8xCYo2rwpiHtxZkWiFpjei0vO463ghW8LPCdhqQxXlMy2qicAEw=="
    },
    "math": {
      "version": "0.0.3",
      "resolved": "https://registry.npmjs.org/math/-/math-0.0.3.tgz",
      "integrity": "sha512-xyNJxsEwpYBabFmCgwg7TFRljf5oGgV2h1TqP0H9RnykScaSKgoVlBaEz+Gov8NOdxFagoTzRg1aEBfayi8qQQ=="
    }
  }
}
